
Microsoft Visual Studio Solution File, Format Version 12.00
# Visual Studio Version 17
VisualStudioVersion = 17.9.34728.123
MinimumVisualStudioVersion = 10.0.40219.1
Project("{FAE04EC0-301F-11D3-BF4B-00C04F79EFBC}") = "quiz", "quiz\quiz.csproj", "{26689F2B-AE54-44EA-B1BA-530ACBF4CAC1}"
EndProject
Global
	GlobalSection(SolutionConfigurationPlatforms) = preSolution
		Debug|Any CPU = Debug|Any CPU
		Release|Any CPU = Release|Any CPU
	EndGlobalSection
	GlobalSection(ProjectConfigurationPlatforms) = postSolution
		{26689F2B-AE54-44EA-B1BA-530ACBF4CAC1}.Debug|Any CPU.ActiveCfg = Debug|Any CPU
		{26689F2B-AE54-44EA-B1BA-530ACBF4CAC1}.Debug|Any CPU.Build.0 = Debug|Any CPU
		{26689F2B-AE54-44EA-B1BA-530ACBF4CAC1}.Release|Any CPU.ActiveCfg = Release|Any CPU
		{26689F2B-AE54-44EA-B1BA-530ACBF4CAC1}.Release|Any CPU.Build.0 = Release|Any CPU
	EndGlobalSection
	GlobalSection(SolutionProperties) = preSolution
		HideSolutionNode = FALSE
	EndGlobalSection
	GlobalSection(ExtensibilityGlobals) = postSolution
		SolutionGuid = {EB45BCCA-47B3-4A50-8A9A-8128A9CB8974}
	EndGlobalSection
EndGlobal
